<?xml version="1.0" encoding="UTF-8" standalone="yes" ?>
<CodeBlocks_project_file>
	<FileVersion major="1" minor="6" />
	<Project>
		<Option title="Registro_Vehicular" />
		<Option pch_mode="2" />
		<Option compiler="gcc" />
		<Build>
			<Target title="Debug">
				<Option output="bin/Debug/Registro_Vehicular" prefix_auto="1" extension_auto="1" />
				<Option object_output="obj/Debug/" />
				<Option type="1" />
				<Option compiler="gcc" />
				<Compiler>
					<Add option="-g" />
					<Add directory="D:/Archivos de programa/Librerias MySQL/resource/include" />
					<Add directory="C:/Program Files/MySQL/MySQL Server 8.0/include" />
				</Compiler>
				<Linker>
					<Add library="D:/Archivos de programa/Librerias MySQL/resource/lib/libmysql.a" />
					<Add library="C:/Program Files/MySQL/MySQL Server 8.0/lib/libmysql.lib" />
				</Linker>
			</Target>
			<Target title="Release">
				<Option output="bin/Release/Registro_Vehicular" prefix_auto="1" extension_auto="1" />
				<Option object_output="obj/Release/" />
				<Option type="1" />
				<Option compiler="gcc" />
				<Compiler>
					<Add option="-O2" />
				</Compiler>
				<Linker>
					<Add option="-s" />
				</Linker>
			</Target>
		</Build>
		<Compiler>
			<Add option="-Wall" />
			<Add option="-fexceptions" />
			<Add directory="C:/Program Files/MySQL/MySQL Server 8.0/lib" />
			<Add directory="C:/Program Files/MySQL/MySQL Server 8.0/include" />
			<Add directory="C:/Program Files/MySQL/MySQL Server 8.0/include/mysql" />
		</Compiler>
		<Linker>
			<Add library="C:/Program Files/MySQL/MySQL Server 8.0/lib" />
		</Linker>
		<Unit filename="main.cpp" />
		<Extensions>
			<code_completion>
				<search_path add="C:\Program Files\MySQL\Connector C++ 8.0\include" />
				<search_path add="C:\Program Files\MySQL\MySQL Server 8.0\include" />
				<search_path add="C:\Program Files\MySQL\Connector C++ 8.0\lib64" />
				<search_path add="C:\Program Files\MySQL\MySQL Server 8.0\lib" />
			</code_completion>
			<lib_finder disable_auto="1" />
		</Extensions>
	</Project>
</CodeBlocks_project_file>
